
Microsoft Visual Studio Solution File, Format Version 12.00
# Visual Studio Version 17
VisualStudioVersion = 17.9.34701.34
MinimumVisualStudioVersion = 10.0.40219.1
Project("{FAE04EC0-301F-11D3-BF4B-00C04F79EFBC}") = "WinFormsApp1", "WinFormsApp1.csproj", "{63080059-556B-461F-9386-D0A89E4A210C}"
EndProject
Global
	GlobalSection(SolutionConfigurationPlatforms) = preSolution
		Debug|Any CPU = Debug|Any CPU
		Release|Any CPU = Release|Any CPU
	EndGlobalSection
	GlobalSection(ProjectConfigurationPlatforms) = postSolution
		{63080059-556B-461F-9386-D0A89E4A210C}.Debug|Any CPU.ActiveCfg = Debug|Any CPU
		{63080059-556B-461F-9386-D0A89E4A210C}.Debug|Any CPU.Build.0 = Debug|Any CPU
		{63080059-556B-461F-9386-D0A89E4A210C}.Release|Any CPU.ActiveCfg = Release|Any CPU
		{63080059-556B-461F-9386-D0A89E4A210C}.Release|Any CPU.Build.0 = Release|Any CPU
	EndGlobalSection
	GlobalSection(SolutionProperties) = preSolution
		HideSolutionNode = FALSE
	EndGlobalSection
	GlobalSection(ExtensibilityGlobals) = postSolution
		SolutionGuid = {434DAA02-8D6C-432D-ADEB-B5D12AD23AEB}
	EndGlobalSection
EndGlobal
